<?xml version="1.0" encoding="utf-8"?>
<Project ToolsVersion="4.0" xmlns="http://schemas.microsoft.com/developer/msbuild/2003">
  <ItemGroup>
    <Filter Include="源文件">
      <UniqueIdentifier>{4FC737F1-C7A5-4376-A066-2A32D752A2FF}</UniqueIdentifier>
      <Extensions>cpp;c;cc;cxx;c++;cppm;ixx;def;odl;idl;hpj;bat;asm;asmx</Extensions>
    </Filter>
    <Filter Include="头文件">
      <UniqueIdentifier>{93995380-89BD-4b04-88EB-625FBE52EBFB}</UniqueIdentifier>
      <Extensions>h;hh;hpp;hxx;h++;hm;inl;inc;ipp;xsd</Extensions>
    </Filter>
    <Filter Include="资源文件">
      <UniqueIdentifier>{67DA6AB6-F800-4c08-8B7A-83BB121AAD01}</UniqueIdentifier>
      <Extensions>rc;ico;cur;bmp;dlg;rc2;rct;bin;rgs;gif;jpg;jpeg;jpe;resx;tiff;tif;png;wav;mfcribbon-ms</Extensions>
    </Filter>
    <Filter Include="头文件\book">
      <UniqueIdentifier>{74285604-c8c4-4725-9f4b-9ae82a71e18d}</UniqueIdentifier>
    </Filter>
    <Filter Include="头文件\user">
      <UniqueIdentifier>{752206ed-9bec-425b-b56f-636d1140c17c}</UniqueIdentifier>
    </Filter>
    <Filter Include="头文件\userstates">
      <UniqueIdentifier>{4a41bc1f-1095-4944-bb83-5736de3d46ec}</UniqueIdentifier>
    </Filter>
  </ItemGroup>
  <ItemGroup>
    <ClCompile Include="bookdocking.cpp">
      <Filter>头文件\book</Filter>
    </ClCompile>
    <ClCompile Include="bookCache.cpp">
      <Filter>头文件\book</Filter>
    </ClCompile>
    <ClCompile Include="bookDatabase.cpp">
      <Filter>头文件\book</Filter>
    </ClCompile>
    <ClCompile Include="main.cpp">
      <Filter>源文件</Filter>
    </ClCompile>
    <ClCompile Include="userdocking.cpp">
      <Filter>头文件\user</Filter>
    </ClCompile>
    <ClCompile Include="userCache.cpp">
      <Filter>头文件\user</Filter>
    </ClCompile>
    <ClCompile Include="userDatabase.cpp">
      <Filter>头文件\user</Filter>
    </ClCompile>
    <ClCompile Include="userstatesdocking.cpp">
      <Filter>头文件\userstates</Filter>
    </ClCompile>
    <ClCompile Include="userstatesCache.cpp">
      <Filter>头文件\userstates</Filter>
    </ClCompile>
    <ClCompile Include="userstatesDatabase.cpp">
      <Filter>头文件\userstates</Filter>
    </ClCompile>
    <ClCompile Include="createuser.cpp">
      <Filter>源文件</Filter>
    </ClCompile>
    <ClCompile Include="deleteuser.cpp">
      <Filter>源文件</Filter>
    </ClCompile>
    <ClCompile Include="dataformating.cpp">
      <Filter>源文件</Filter>
    </ClCompile>
    <ClCompile Include="login.cpp">
      <Filter>源文件</Filter>
    </ClCompile>
    <ClCompile Include="DisplayUser.cpp">
      <Filter>源文件</Filter>
    </ClCompile>
    <ClCompile Include="DisplayUserBookid.cpp">
      <Filter>源文件</Filter>
    </ClCompile>
    <ClCompile Include="modifyuserName.cpp">
      <Filter>源文件</Filter>
    </ClCompile>
    <ClCompile Include="modifyuserCollege.cpp">
      <Filter>源文件</Filter>
    </ClCompile>
    <ClCompile Include="modifyuserMajor.cpp">
      <Filter>源文件</Filter>
    </ClCompile>
    <ClCompile Include="modifyuserEmail.cpp">
      <Filter>源文件</Filter>
    </ClCompile>
    <ClCompile Include="modifyuserPassword.cpp">
      <Filter>源文件</Filter>
    </ClCompile>
    <ClCompile Include="creatbook.cpp">
      <Filter>源文件</Filter>
    </ClCompile>
    <ClCompile Include="deletebook.cpp">
      <Filter>源文件</Filter>
    </ClCompile>
    <ClCompile Include="DisplayBook.cpp">
      <Filter>源文件</Filter>
    </ClCompile>
    <ClCompile Include="modifybookAuthor.cpp">
      <Filter>源文件</Filter>
    </ClCompile>
    <ClCompile Include="modifybookISBN.cpp">
      <Filter>源文件</Filter>
    </ClCompile>
    <ClCompile Include="modifybookIsovertime.cpp">
      <Filter>源文件</Filter>
    </ClCompile>
    <ClCompile Include="modifybookName.cpp">
      <Filter>源文件</Filter>
    </ClCompile>
    <ClCompile Include="modifybookOnsheelf.cpp">
      <Filter>源文件</Filter>
    </ClCompile>
    <ClCompile Include="modifybookType.cpp">
      <Filter>源文件</Filter>
    </ClCompile>
  </ItemGroup>
  <ItemGroup>
    <ClInclude Include="bookdocking.h">
      <Filter>头文件\book</Filter>
    </ClInclude>
    <ClInclude Include="bookCache.h">
      <Filter>头文件\book</Filter>
    </ClInclude>
    <ClInclude Include="bookDatabase.h">
      <Filter>头文件\book</Filter>
    </ClInclude>
    <ClInclude Include="userdocking.h">
      <Filter>头文件\user</Filter>
    </ClInclude>
    <ClInclude Include="userCache.h">
      <Filter>头文件\user</Filter>
    </ClInclude>
    <ClInclude Include="userDatabase.h">
      <Filter>头文件\user</Filter>
    </ClInclude>
    <ClInclude Include="userstatesdocking.h">
      <Filter>头文件\userstates</Filter>
    </ClInclude>
    <ClInclude Include="userstatesCache.h">
      <Filter>头文件\userstates</Filter>
    </ClInclude>
    <ClInclude Include="userstatesDatabase.h">
      <Filter>头文件\userstates</Filter>
    </ClInclude>
    <ClInclude Include="supervisor.h">
      <Filter>头文件</Filter>
    </ClInclude>
  </ItemGroup>
</Project>